
Microsoft Visual Studio Solution File, Format Version 12.00
# Visual Studio Version 17
VisualStudioVersion = 17.4.33122.133
MinimumVisualStudioVersion = 10.0.40219.1
Project("{FAE04EC0-301F-11D3-BF4B-00C04F79EFBC}") = "RabbitMQ.Producer", "RabbitMQ.Producer\RabbitMQ.Producer.csproj", "{512C3095-44FF-4DA9-8A32-774F99249339}"
EndProject
Project("{FAE04EC0-301F-11D3-BF4B-00C04F79EFBC}") = "RabbitMQ.Consumer", "RabbitMQ.Consumer\RabbitMQ.Consumer.csproj", "{4E4594CC-DAE1-48C5-AF91-D990587FD538}"
EndProject
Global
	GlobalSection(SolutionConfigurationPlatforms) = preSolution
		Debug|Any CPU = Debug|Any CPU
		Release|Any CPU = Release|Any CPU
	EndGlobalSection
	GlobalSection(ProjectConfigurationPlatforms) = postSolution
		{512C3095-44FF-4DA9-8A32-774F99249339}.Debug|Any CPU.ActiveCfg = Debug|Any CPU
		{512C3095-44FF-4DA9-8A32-774F99249339}.Debug|Any CPU.Build.0 = Debug|Any CPU
		{512C3095-44FF-4DA9-8A32-774F99249339}.Release|Any CPU.ActiveCfg = Release|Any CPU
		{512C3095-44FF-4DA9-8A32-774F99249339}.Release|Any CPU.Build.0 = Release|Any CPU
		{4E4594CC-DAE1-48C5-AF91-D990587FD538}.Debug|Any CPU.ActiveCfg = Debug|Any CPU
		{4E4594CC-DAE1-48C5-AF91-D990587FD538}.Debug|Any CPU.Build.0 = Debug|Any CPU
		{4E4594CC-DAE1-48C5-AF91-D990587FD538}.Release|Any CPU.ActiveCfg = Release|Any CPU
		{4E4594CC-DAE1-48C5-AF91-D990587FD538}.Release|Any CPU.Build.0 = Release|Any CPU
	EndGlobalSection
	GlobalSection(SolutionProperties) = preSolution
		HideSolutionNode = FALSE
	EndGlobalSection
	GlobalSection(ExtensibilityGlobals) = postSolution
		SolutionGuid = {58ECCFF6-B18C-4475-9FE6-225057534795}
	EndGlobalSection
EndGlobal
