
Microsoft Visual Studio Solution File, Format Version 12.00
# Visual Studio Version 17
VisualStudioVersion = 17.4.33122.133
MinimumVisualStudioVersion = 10.0.40219.1
Project("{FAE04EC0-301F-11D3-BF4B-00C04F79EFBC}") = "HelloWorld.Consumer", "HelloWorld.Consumer\HelloWorld.Consumer.csproj", "{0D5EF0EB-9B37-4439-BB8D-330A79E37FED}"
EndProject
Project("{FAE04EC0-301F-11D3-BF4B-00C04F79EFBC}") = "HelloWorld.Producer", "HelloWorld.Producer\HelloWorld.Producer.csproj", "{68AE14F6-D60B-4480-B7E0-215E8E51D5B7}"
EndProject
Global
	GlobalSection(SolutionConfigurationPlatforms) = preSolution
		Debug|Any CPU = Debug|Any CPU
		Release|Any CPU = Release|Any CPU
	EndGlobalSection
	GlobalSection(ProjectConfigurationPlatforms) = postSolution
		{0D5EF0EB-9B37-4439-BB8D-330A79E37FED}.Debug|Any CPU.ActiveCfg = Debug|Any CPU
		{0D5EF0EB-9B37-4439-BB8D-330A79E37FED}.Debug|Any CPU.Build.0 = Debug|Any CPU
		{0D5EF0EB-9B37-4439-BB8D-330A79E37FED}.Release|Any CPU.ActiveCfg = Release|Any CPU
		{0D5EF0EB-9B37-4439-BB8D-330A79E37FED}.Release|Any CPU.Build.0 = Release|Any CPU
		{68AE14F6-D60B-4480-B7E0-215E8E51D5B7}.Debug|Any CPU.ActiveCfg = Debug|Any CPU
		{68AE14F6-D60B-4480-B7E0-215E8E51D5B7}.Debug|Any CPU.Build.0 = Debug|Any CPU
		{68AE14F6-D60B-4480-B7E0-215E8E51D5B7}.Release|Any CPU.ActiveCfg = Release|Any CPU
		{68AE14F6-D60B-4480-B7E0-215E8E51D5B7}.Release|Any CPU.Build.0 = Release|Any CPU
	EndGlobalSection
	GlobalSection(SolutionProperties) = preSolution
		HideSolutionNode = FALSE
	EndGlobalSection
	GlobalSection(ExtensibilityGlobals) = postSolution
		SolutionGuid = {58ECCFF6-B18C-4475-9FE6-225057534795}
	EndGlobalSection
EndGlobal
